
Microsoft Visual Studio Solution File, Format Version 12.00
# Visual Studio Version 17
VisualStudioVersion = 17.1.32210.238
MinimumVisualStudioVersion = 10.0.40219.1
Project("{FAE04EC0-301F-11D3-BF4B-00C04F79EFBC}") = "WedBanHang", "WedBanHang\WedBanHang.csproj", "{C4E65370-267F-4C96-A44D-8AAD41A73521}"
EndProject
Global
	GlobalSection(SolutionConfigurationPlatforms) = preSolution
		Debug|Any CPU = Debug|Any CPU
		Release|Any CPU = Release|Any CPU
	EndGlobalSection
	GlobalSection(ProjectConfigurationPlatforms) = postSolution
		{C4E65370-267F-4C96-A44D-8AAD41A73521}.Debug|Any CPU.ActiveCfg = Debug|Any CPU
		{C4E65370-267F-4C96-A44D-8AAD41A73521}.Debug|Any CPU.Build.0 = Debug|Any CPU
		{C4E65370-267F-4C96-A44D-8AAD41A73521}.Release|Any CPU.ActiveCfg = Release|Any CPU
		{C4E65370-267F-4C96-A44D-8AAD41A73521}.Release|Any CPU.Build.0 = Release|Any CPU
	EndGlobalSection
	GlobalSection(SolutionProperties) = preSolution
		HideSolutionNode = FALSE
	EndGlobalSection
	GlobalSection(ExtensibilityGlobals) = postSolution
		SolutionGuid = {F19EAAE7-A5B9-4644-A72E-89693C23FB84}
	EndGlobalSection
EndGlobal
